PODS:
  - Kiwi (3.0.0)
  - ZMJGanttChart (0.1.2)

DEPENDENCIES:
  - Kiwi
  - ZMJGanttChart (from `../`)

EXTERNAL SOURCES:
  ZMJGanttChart:
    :path: ../

SPEC CHECKSUMS:
  Kiwi: fbeafef0f00e4d8f7dcb3420a4930afe70af77f7
  ZMJGanttChart: 2de621e9b7c711249d51e6901a808ce3a69ac2a2

PODFILE CHECKSUM: 2f672c195a66db5e22df8dba463e2fe9b6edc4ea

COCOAPODS: 1.4.0
